// !$*UTF8*$!
{
	archiveVersion = 1;
	classes = {
	};
	objectVersion = 46;
	objects = {

/* Begin PBXAggregateTarget section */
		DADBED6713852CA100B964B3 /* Universal Framework */ = {
			isa = PBXAggregateTarget;
			buildConfigurationList = DADBED7413852CA100B964B3 /* Build configuration list for PBXAggregateTarget "Universal Framework" */;
			buildPhases = (
				DADBED6613852CA100B964B3 /* Build Universal Framework */,
			);
			dependencies = (
			);
			name = "Universal Framework";
			productName = Universal_Framework;
		};
/* End PBXAggregateTarget section */

/* Begin PBXBuildFile section */
		DA1E8E75138D5B1800B1E5BC /* ___PROJECTNAME___.bundle in Resources */ = {isa = PBXBuildFile; fileRef = DA1E8E5D138D5A6B00B1E5BC /* ___PROJECTNAME___.bundle */; };
		DADBED6513852CA100B964B3 /* Foundation.framework in Frameworks */ = {isa = PBXBuildFile; fileRef = DADBED6413852CA000B964B3 /* Foundation.framework */; };
/* End PBXBuildFile section */

/* Begin PBXContainerItemProxy section */
		DA1E8E62138D5A9A00B1E5BC /* PBXContainerItemProxy */ = {
			isa = PBXContainerItemProxy;
			containerPortal = DADBED5713852CA000B964B3 /* Project object */;
			proxyType = 1;
			remoteGlobalIDString = DA1E8E5C138D5A6B00B1E5BC;
			remoteInfo = Resources;
		};
/* End PBXContainerItemProxy section */

/* Begin PBXFileReference section */
		DA1E8E5D138D5A6B00B1E5BC /* ___PROJECTNAME___.bundle */ = {isa = PBXFileReference; explicitFileType = wrapper.cfbundle; includeInIndex = 0; path = "___PROJECTNAME___.bundle"; sourceTree = BUILT_PRODUCTS_DIR; };
		DADBED6113852CA000B964B3 /* ___PROJECTNAME___.framework */ = {isa = PBXFileReference; explicitFileType = wrapper.framework.static; includeInIndex = 0; path = "___PROJECTNAME___.framework"; sourceTree = BUILT_PRODUCTS_DIR; };
		DADBED6413852CA000B964B3 /* Foundation.framework */ = {isa = PBXFileReference; lastKnownFileType = wrapper.framework; name = Foundation.framework; path = System/Library/Frameworks/Foundation.framework; sourceTree = SDKROOT; };
		DADBED6A13852CA100B964B3 /* ___PROJECTNAMEASIDENTIFIER____-Info.plist */ = {isa = PBXFileReference; lastKnownFileType = text.plist.xml; path = "___PROJECTNAMEASIDENTIFIER____-Info.plist"; sourceTree = "<group>"; };
		DADBED6E13852CA100B964B3 /* ___PROJECTNAMEASIDENTIFIER____-Prefix.pch */ = {isa = PBXFileReference; lastKnownFileType = sourcecode.c.h; path = "___PROJECTNAMEASIDENTIFIER____-Prefix.pch"; sourceTree = "<group>"; };
/* End PBXFileReference section */

/* Begin PBXFrameworksBuildPhase section */
		DADBED5D13852CA000B964B3 /* Frameworks */ = {
			isa = PBXFrameworksBuildPhase;
			buildActionMask = 2147483647;
			files = (
				DADBED6513852CA100B964B3 /* Foundation.framework in Frameworks */,
			);
			runOnlyForDeploymentPostprocessing = 0;
		};
/* End PBXFrameworksBuildPhase section */

/* Begin PBXGroup section */
		DADBED5513852CA000B964B3 = {
			isa = PBXGroup;
			children = (
				DADBED6813852CA100B964B3 /* ___PROJECTNAME___ */,
				DADBED6313852CA000B964B3 /* Frameworks */,
				DADBED6213852CA000B964B3 /* Products */,
			);
			sourceTree = "<group>";
		};
		DADBED6213852CA000B964B3 /* Products */ = {
			isa = PBXGroup;
			children = (
				DADBED6113852CA000B964B3 /* ___PROJECTNAME___.framework */,
				DA1E8E5D138D5A6B00B1E5BC /* ___PROJECTNAME___.bundle */,
			);
			name = Products;
			sourceTree = "<group>";
		};
		DADBED6313852CA000B964B3 /* Frameworks */ = {
			isa = PBXGroup;
			children = (
				DADBED6413852CA000B964B3 /* Foundation.framework */,
			);
			name = Frameworks;
			sourceTree = "<group>";
		};
		DADBED6813852CA100B964B3 /* ___PROJECTNAME___ */ = {
			isa = PBXGroup;
			children = (
				DADBED6913852CA100B964B3 /* Supporting Files */,
			);
			path = "___PROJECTNAME___";
			sourceTree = "<group>";
		};
		DADBED6913852CA100B964B3 /* Supporting Files */ = {
			isa = PBXGroup;
			children = (
				DADBED6A13852CA100B964B3 /* ___PROJECTNAMEASIDENTIFIER____-Info.plist */,
				DADBED6E13852CA100B964B3 /* ___PROJECTNAMEASIDENTIFIER____-Prefix.pch */,
			);
			name = "Supporting Files";
			sourceTree = "<group>";
		};
/* End PBXGroup section */

/* Begin PBXHeadersBuildPhase section */
		DADBED5E13852CA000B964B3 /* Headers */ = {
			isa = PBXHeadersBuildPhase;
			buildActionMask = 2147483647;
			files = (
			);
			runOnlyForDeploymentPostprocessing = 0;
		};
/* End PBXHeadersBuildPhase section */

/* Begin PBXNativeTarget section */
		DA1E8E5C138D5A6B00B1E5BC /* Resources */ = {
			isa = PBXNativeTarget;
			buildConfigurationList = DA1E8E61138D5A6C00B1E5BC /* Build configuration list for PBXNativeTarget "Resources" */;
			buildPhases = (
				DA1E8E59138D5A6B00B1E5BC /* Resources */,
			);
			buildRules = (
			);
			dependencies = (
			);
			name = Resources;
			productName = Resources;
			productReference = DA1E8E5D138D5A6B00B1E5BC /* ___PROJECTNAME___.bundle */;
			productType = "com.apple.product-type.bundle";
		};
		DADBED6013852CA000B964B3 /* ___PROJECTNAME___ */ = {
			isa = PBXNativeTarget;
			buildConfigurationList = DADBED7113852CA100B964B3 /* Build configuration list for PBXNativeTarget "___PROJECTNAME___" */;
			buildPhases = (
				DADBED5C13852CA000B964B3 /* Sources */,
				DADBED5D13852CA000B964B3 /* Frameworks */,
				DADBED5E13852CA000B964B3 /* Headers */,
				DADBED5F13852CA000B964B3 /* Resources */,
			);
			buildRules = (
			);
			dependencies = (
				DA1E8E63138D5A9A00B1E5BC /* PBXTargetDependency */,
			);
			name = "___PROJECTNAME___";
			productName = "___PROJECTNAME___";
			productReference = DADBED6113852CA000B964B3 /* ___PROJECTNAME___.framework */;
			productType = "com.apple.product-type.framework.static";
		};
/* End PBXNativeTarget section */

/* Begin PBXProject section */
		DADBED5713852CA000B964B3 /* Project object */ = {
			isa = PBXProject;
			buildConfigurationList = DADBED5A13852CA000B964B3 /* Build configuration list for PBXProject "___PROJECTNAME___" */;
			compatibilityVersion = "Xcode 3.2";
			developmentRegion = English;
			hasScannedForEncodings = 0;
			knownRegions = (
				en,
			);
			mainGroup = DADBED5513852CA000B964B3;
			productRefGroup = DADBED6213852CA000B964B3 /* Products */;
			projectDirPath = "";
			projectRoot = "";
			targets = (
				DADBED6013852CA000B964B3 /* ___PROJECTNAME___ */,
				DA1E8E5C138D5A6B00B1E5BC /* Resources */,
				DADBED6713852CA100B964B3 /* Universal Framework */,
			);
		};
/* End PBXProject section */

/* Begin PBXResourcesBuildPhase section */
		DA1E8E59138D5A6B00B1E5BC /* Resources */ = {
			isa = PBXResourcesBuildPhase;
			buildActionMask = 2147483647;
			files = (
			);
			runOnlyForDeploymentPostprocessing = 0;
		};
		DADBED5F13852CA000B964B3 /* Resources */ = {
			isa = PBXResourcesBuildPhase;
			buildActionMask = 2147483647;
			files = (
				DA1E8E75138D5B1800B1E5BC /* ___PROJECTNAME___.bundle in Resources */,
			);
			runOnlyForDeploymentPostprocessing = 0;
		};
/* End PBXResourcesBuildPhase section */

/* Begin PBXShellScriptBuildPhase section */
		DADBED6613852CA100B964B3 /* Build Universal Framework */ = {
			isa = PBXShellScriptBuildPhase;
			buildActionMask = 2147483647;
			files = (
			);
			inputPaths = (
			);
			name = "Build Universal Framework";
			outputPaths = (
			);
			runOnlyForDeploymentPostprocessing = 0;
			shellPath = /bin/sh;
			shellScript = "\n# Assume the target name is the same as the project name\nUFW_TARGET=${PROJECT}\n\nif [ -z ${SDK_NAME} ]; then\n    # Use the latest iphoneos SDK available\n    UFW_GREP_RESULT=$(xcodebuild -showsdks | grep -o \"iphoneos.*$\")\n    while read -r line; do\n        UFW_SDK_VERSION=\"${line}\"\n    done <<< \"${UFW_GREP_RESULT}\"\nelse\n    # Use the SDK specified by XCode\n    UFW_SDK_VERSION=\"${SDK_NAME}\"\nfi\n\nUFW_SDK_VERSION=$(echo \"${UFW_SDK_VERSION}\" | grep -o \"[0-9].*$\")\nUFW_FMWK_DIRNAME=\"${UFW_TARGET}.framework\"\nUFW_EMBEDDED_DIRNAME=\"${UFW_TARGET}.embeddedframework\"\nUFW_EXE_PATH=\"${UFW_FMWK_DIRNAME}/Versions/Current/${UFW_TARGET}\"\nUFW_IPHONE_DIR=\"${BUILD_DIR}/${CONFIGURATION}-iphoneos\"\nUFW_SIMULATOR_DIR=\"${BUILD_DIR}/${CONFIGURATION}-iphonesimulator\"\nUFW_UNIVERSAL_DIR=\"${BUILD_DIR}/${CONFIGURATION}-universal\"\n\n\n# Build Framework\n\nrm -rf \"${UFW_UNIVERSAL_DIR}\"\n\nxcodebuild -target \"${UFW_TARGET}\" -configuration ${CONFIGURATION} -sdk iphoneos${UFW_SDK_VERSION} BUILD_DIR=${BUILD_DIR} CONFIGURATION_TEMP_DIR=${CONFIGURATION_TEMP_DIR} clean build\nif [ \"$?\" != \"0\" ]; then echo >&2 \"Error: xcodebuild failed\"; exit 1; fi\nxcodebuild -target \"${UFW_TARGET}\" -configuration ${CONFIGURATION} -sdk iphonesimulator${UFW_SDK_VERSION} BUILD_DIR=${BUILD_DIR} CONFIGURATION_TEMP_DIR=${CONFIGURATION_TEMP_DIR} clean build\nif [ \"$?\" != \"0\" ]; then echo >&2 \"Error: xcodebuild failed\"; exit 1; fi\n\nif [ ! -f \"${UFW_IPHONE_DIR}/${UFW_EXE_PATH}\" ]; then\necho \"Framework target \\\"${UFW_TARGET}\\\" had no source files to build from. Make sure your source files have the correct target membership\"\nexit 1\nfi\n\nmkdir -p \"${UFW_UNIVERSAL_DIR}\"\nif [ \"$?\" != \"0\" ]; then echo >&2 \"Error: mkdir failed\"; exit 1; fi\n\ncp -a \"${UFW_IPHONE_DIR}/${UFW_FMWK_DIRNAME}\" \"${UFW_UNIVERSAL_DIR}/${UFW_FMWK_DIRNAME}\"\nif [ \"$?\" != \"0\" ]; then echo >&2 \"Error: cp failed\"; exit 1; fi\n\nlipo -create -output \"${UFW_UNIVERSAL_DIR}/${UFW_EXE_PATH}\" \"${UFW_IPHONE_DIR}/${UFW_EXE_PATH}\" \"${UFW_SIMULATOR_DIR}/${UFW_EXE_PATH}\"\nif [ \"$?\" != \"0\" ]; then echo >&2 \"Error: lipo failed\"; exit 1; fi\n\n\n# Build Embedded Framework\n\nmkdir -p \"${UFW_UNIVERSAL_DIR}/${UFW_EMBEDDED_DIRNAME}/Resources\"\nif [ \"$?\" != \"0\" ]; then echo >&2 \"Error: mkdir failed\"; exit 1; fi\n\ncp -a \"${UFW_UNIVERSAL_DIR}/${UFW_FMWK_DIRNAME}\" \"${UFW_UNIVERSAL_DIR}/${UFW_EMBEDDED_DIRNAME}/\"\nif [ \"$?\" != \"0\" ]; then echo >&2 \"Error: cp failed\"; exit 1; fi\n\ncd \"${UFW_UNIVERSAL_DIR}/${UFW_FMWK_DIRNAME}/Resources\"\nif [ \"$?\" != \"0\" ]; then echo >&2 \"Error: cd failed\"; exit 1; fi\n\nUFW_RESOURCE_LIST=$(ls)\n\ncd \"${UFW_UNIVERSAL_DIR}/${UFW_EMBEDDED_DIRNAME}/Resources\"\nif [ \"$?\" != \"0\" ]; then echo >&2 \"Error: cd failed\"; exit 1; fi\n\nwhile read -r filename; do\n    if [ \"${filename}\" != \"Info.plist\" ]; then\n        ln -s \"../${UFW_FMWK_DIRNAME}/Resources/${filename}\"\n        if [ \"$?\" != \"0\" ]; then echo >&2 \"Error: link failed\"; exit 1; fi\n    fi\ndone <<< \"${UFW_RESOURCE_LIST}\"\n\t\t\t\t\t";
		};
/* End PBXShellScriptBuildPhase section */

/* Begin PBXSourcesBuildPhase section */
		DADBED5C13852CA000B964B3 /* Sources */ = {
			isa = PBXSourcesBuildPhase;
			buildActionMask = 2147483647;
			files = (
			);
			runOnlyForDeploymentPostprocessing = 0;
		};
/* End PBXSourcesBuildPhase section */

/* Begin PBXTargetDependency section */
		DA1E8E63138D5A9A00B1E5BC /* PBXTargetDependency */ = {
			isa = PBXTargetDependency;
			target = DA1E8E5C138D5A6B00B1E5BC /* Resources */;
			targetProxy = DA1E8E62138D5A9A00B1E5BC /* PBXContainerItemProxy */;
		};
/* End PBXTargetDependency section */

/* Begin XCBuildConfiguration section */
		DA1E8E5F138D5A6C00B1E5BC /* Debug */ = {
			isa = XCBuildConfiguration;
			buildSettings = {
				INFOPLIST_FILE = "___PROJECTNAME___/___PROJECTNAMEASIDENTIFIER____-Info.plist";
				PRODUCT_NAME = "___PROJECTNAME___";
				WRAPPER_EXTENSION = bundle;
			};
			name = Debug;
		};
		DA1E8E60138D5A6C00B1E5BC /* Release */ = {
			isa = XCBuildConfiguration;
			buildSettings = {
				INFOPLIST_FILE = "___PROJECTNAME___/___PROJECTNAMEASIDENTIFIER____-Info.plist";
				PRODUCT_NAME = "___PROJECTNAME___";
				WRAPPER_EXTENSION = bundle;
			};
			name = Release;
		};
		DADBED6F13852CA100B964B3 /* Debug */ = {
			isa = XCBuildConfiguration;
			buildSettings = {
				ALWAYS_SEARCH_USER_PATHS = NO;
				ARCHS = "$(ARCHS_STANDARD_32_BIT)";
				COPY_PHASE_STRIP = NO;
				GCC_C_LANGUAGE_STANDARD = gnu99;
				GCC_DYNAMIC_NO_PIC = NO;
				GCC_OPTIMIZATION_LEVEL = 0;
				GCC_PREPROCESSOR_DEFINITIONS = (
					"DEBUG=1",
					"$(inherited)",
				);
				GCC_SYMBOLS_PRIVATE_EXTERN = NO;
				GCC_VERSION = com.apple.compilers.llvmgcc42;
				GCC_WARN_ABOUT_MISSING_PROTOTYPES = YES;
				GCC_WARN_ABOUT_RETURN_TYPE = YES;
				GCC_WARN_UNUSED_VARIABLE = YES;
				IPHONEOS_DEPLOYMENT_TARGET = 4.3;
				SDKROOT = iphoneos;
			};
			name = Debug;
		};
		DADBED7013852CA100B964B3 /* Release */ = {
			isa = XCBuildConfiguration;
			buildSettings = {
				ALWAYS_SEARCH_USER_PATHS = NO;
				ARCHS = "$(ARCHS_STANDARD_32_BIT)";
				COPY_PHASE_STRIP = YES;
				GCC_C_LANGUAGE_STANDARD = gnu99;
				GCC_VERSION = com.apple.compilers.llvmgcc42;
				GCC_WARN_ABOUT_MISSING_PROTOTYPES = YES;
				GCC_WARN_ABOUT_RETURN_TYPE = YES;
				GCC_WARN_UNUSED_VARIABLE = YES;
				IPHONEOS_DEPLOYMENT_TARGET = 4.3;
				SDKROOT = iphoneos;
				VALIDATE_PRODUCT = YES;
			};
			name = Release;
		};
		DADBED7213852CA100B964B3 /* Debug */ = {
			isa = XCBuildConfiguration;
			buildSettings = {
				DYLIB_COMPATIBILITY_VERSION = 1;
				DYLIB_CURRENT_VERSION = 1;
				FRAMEWORK_VERSION = A;
				GCC_PRECOMPILE_PREFIX_HEADER = YES;
				GCC_PREFIX_HEADER = "___PROJECTNAME___/___PROJECTNAMEASIDENTIFIER____-Prefix.pch";
				INFOPLIST_FILE = "___PROJECTNAME___/___PROJECTNAMEASIDENTIFIER____-Info.plist";
				PRODUCT_NAME = "$(TARGET_NAME)";
				SKIP_INSTALL = YES;
				WRAPPER_EXTENSION = framework;
			};
			name = Debug;
		};
		DADBED7313852CA100B964B3 /* Release */ = {
			isa = XCBuildConfiguration;
			buildSettings = {
				DYLIB_COMPATIBILITY_VERSION = 1;
				DYLIB_CURRENT_VERSION = 1;
				FRAMEWORK_VERSION = A;
				GCC_PRECOMPILE_PREFIX_HEADER = YES;
				GCC_PREFIX_HEADER = "___PROJECTNAME___/___PROJECTNAMEASIDENTIFIER____-Prefix.pch";
				INFOPLIST_FILE = "___PROJECTNAME___/___PROJECTNAMEASIDENTIFIER____-Info.plist";
				PRODUCT_NAME = "$(TARGET_NAME)";
				SKIP_INSTALL = YES;
				WRAPPER_EXTENSION = framework;
			};
			name = Release;
		};
		DADBED7513852CA100B964B3 /* Debug */ = {
			isa = XCBuildConfiguration;
			buildSettings = {
				PRODUCT_NAME = UniversalFramework;
			};
			name = Debug;
		};
		DADBED7613852CA100B964B3 /* Release */ = {
			isa = XCBuildConfiguration;
			buildSettings = {
				PRODUCT_NAME = UniversalFramework;
			};
			name = Release;
		};
/* End XCBuildConfiguration section */

/* Begin XCConfigurationList section */
		DA1E8E61138D5A6C00B1E5BC /* Build configuration list for PBXNativeTarget "Resources" */ = {
			isa = XCConfigurationList;
			buildConfigurations = (
				DA1E8E5F138D5A6C00B1E5BC /* Debug */,
				DA1E8E60138D5A6C00B1E5BC /* Release */,
			);
			defaultConfigurationIsVisible = 0;
			defaultConfigurationName = Release;
		};
		DADBED5A13852CA000B964B3 /* Build configuration list for PBXProject "___PROJECTNAME___" */ = {
			isa = XCConfigurationList;
			buildConfigurations = (
				DADBED6F13852CA100B964B3 /* Debug */,
				DADBED7013852CA100B964B3 /* Release */,
			);
			defaultConfigurationIsVisible = 0;
			defaultConfigurationName = Release;
		};
		DADBED7113852CA100B964B3 /* Build configuration list for PBXNativeTarget "___PROJECTNAME___" */ = {
			isa = XCConfigurationList;
			buildConfigurations = (
				DADBED7213852CA100B964B3 /* Debug */,
				DADBED7313852CA100B964B3 /* Release */,
			);
			defaultConfigurationIsVisible = 0;
			defaultConfigurationName = Release;
		};
		DADBED7413852CA100B964B3 /* Build configuration list for PBXAggregateTarget "Universal Framework" */ = {
			isa = XCConfigurationList;
			buildConfigurations = (
				DADBED7513852CA100B964B3 /* Debug */,
				DADBED7613852CA100B964B3 /* Release */,
			);
			defaultConfigurationIsVisible = 0;
			defaultConfigurationName = Release;
		};
/* End XCConfigurationList section */
	};
	rootObject = DADBED5713852CA000B964B3 /* Project object */;
}
